// !$*UTF8*$!
{
	archiveVersion = 1;
	classes = {
	};
	objectVersion = 46;
	objects = {

/* Begin PBXBuildFile section */
		50FFB6221CA12FF200262CEF /* AppDelegate.swift in Sources */ = {isa = PBXBuildFile; fileRef = 50FFB6211CA12FF200262CEF /* AppDelegate.swift */; };
		50FFB6241CA12FF200262CEF /* ViewController.swift in Sources */ = {isa = PBXBuildFile; fileRef = 50FFB6231CA12FF200262CEF /* ViewController.swift */; };
		50FFB6271CA12FF200262CEF /* Main.storyboard in Resources */ = {isa = PBXBuildFile; fileRef = 50FFB6251CA12FF200262CEF /* Main.storyboard */; };
		50FFB6291CA12FF200262CEF /* Images.xcassets in Resources */ = {isa = PBXBuildFile; fileRef = 50FFB6281CA12FF200262CEF /* Images.xcassets */; };
		50FFB62C1CA12FF200262CEF /* LaunchScreen.xib in Resources */ = {isa = PBXBuildFile; fileRef = 50FFB62A1CA12FF200262CEF /* LaunchScreen.xib */; };
		50FFB6381CA12FF200262CEF /* GCD_DownloadingImageTests.swift in Sources */ = {isa = PBXBuildFile; fileRef = 50FFB6371CA12FF200262CEF /* GCD_DownloadingImageTests.swift */; };
		50FFB6421CA14E6D00262CEF /* CountingOperation.swift in Sources */ = {isa = PBXBuildFile; fileRef = 50FFB6411CA14E6D00262CEF /* CountingOperation.swift */; };
/* End PBXBuildFile section */

/* Begin PBXContainerItemProxy section */
		50FFB6321CA12FF200262CEF /* PBXContainerItemProxy */ = {
			isa = PBXContainerItemProxy;
			containerPortal = 50FFB6141CA12FF200262CEF /* Project object */;
			proxyType = 1;
			remoteGlobalIDString = 50FFB61B1CA12FF200262CEF;
			remoteInfo = "GCD-DownloadingImage";
		};
/* End PBXContainerItemProxy section */

/* Begin PBXFileReference section */
		50FFB61C1CA12FF200262CEF /* GCD-DownloadingImage.app */ = {isa = PBXFileReference; explicitFileType = wrapper.application; includeInIndex = 0; path = "GCD-DownloadingImage.app"; sourceTree = BUILT_PRODUCTS_DIR; };
		50FFB6201CA12FF200262CEF /* Info.plist */ = {isa = PBXFileReference; lastKnownFileType = text.plist.xml; path = Info.plist; sourceTree = "<group>"; };
		50FFB6211CA12FF200262CEF /* AppDelegate.swift */ = {isa = PBXFileReference; lastKnownFileType = sourcecode.swift; path = AppDelegate.swift; sourceTree = "<group>"; };
		50FFB6231CA12FF200262CEF /* ViewController.swift */ = {isa = PBXFileReference; lastKnownFileType = sourcecode.swift; path = ViewController.swift; sourceTree = "<group>"; };
		50FFB6261CA12FF200262CEF /* Base */ = {isa = PBXFileReference; lastKnownFileType = file.storyboard; name = Base; path = Base.lproj/Main.storyboard; sourceTree = "<group>"; };
		50FFB6281CA12FF200262CEF /* Images.xcassets */ = {isa = PBXFileReference; lastKnownFileType = folder.assetcatalog; path = Images.xcassets; sourceTree = "<group>"; };
		50FFB62B1CA12FF200262CEF /* Base */ = {isa = PBXFileReference; lastKnownFileType = file.xib; name = Base; path = Base.lproj/LaunchScreen.xib; sourceTree = "<group>"; };
		50FFB6311CA12FF200262CEF /* GCD-DownloadingImageTests.xctest */ = {isa = PBXFileReference; explicitFileType = wrapper.cfbundle; includeInIndex = 0; path = "GCD-DownloadingImageTests.xctest"; sourceTree = BUILT_PRODUCTS_DIR; };
		50FFB6361CA12FF200262CEF /* Info.plist */ = {isa = PBXFileReference; lastKnownFileType = text.plist.xml; path = Info.plist; sourceTree = "<group>"; };
		50FFB6371CA12FF200262CEF /* GCD_DownloadingImageTests.swift */ = {isa = PBXFileReference; lastKnownFileType = sourcecode.swift; path = GCD_DownloadingImageTests.swift; sourceTree = "<group>"; };
		50FFB6411CA14E6D00262CEF /* CountingOperation.swift */ = {isa = PBXFileReference; fileEncoding = 4; lastKnownFileType = sourcecode.swift; path = CountingOperation.swift; sourceTree = "<group>"; };
/* End PBXFileReference section */

/* Begin PBXFrameworksBuildPhase section */
		50FFB6191CA12FF200262CEF /* Frameworks */ = {
			isa = PBXFrameworksBuildPhase;
			buildActionMask = 2147483647;
			files = (
			);
			runOnlyForDeploymentPostprocessing = 0;
		};
		50FFB62E1CA12FF200262CEF /* Frameworks */ = {
			isa = PBXFrameworksBuildPhase;
			buildActionMask = 2147483647;
			files = (
			);
			runOnlyForDeploymentPostprocessing = 0;
		};
/* End PBXFrameworksBuildPhase section */

/* Begin PBXGroup section */
		50FFB6131CA12FF200262CEF = {
			isa = PBXGroup;
			children = (
				50FFB61E1CA12FF200262CEF /* GCD-DownloadingImage */,
				50FFB6341CA12FF200262CEF /* GCD-DownloadingImageTests */,
				50FFB61D1CA12FF200262CEF /* Products */,
			);
			sourceTree = "<group>";
		};
		50FFB61D1CA12FF200262CEF /* Products */ = {
			isa = PBXGroup;
			children = (
				50FFB61C1CA12FF200262CEF /* GCD-DownloadingImage.app */,
				50FFB6311CA12FF200262CEF /* GCD-DownloadingImageTests.xctest */,
			);
			name = Products;
			sourceTree = "<group>";
		};
		50FFB61E1CA12FF200262CEF /* GCD-DownloadingImage */ = {
			isa = PBXGroup;
			children = (
				50FFB6211CA12FF200262CEF /* AppDelegate.swift */,
				50FFB6231CA12FF200262CEF /* ViewController.swift */,
				50FFB6411CA14E6D00262CEF /* CountingOperation.swift */,
				50FFB6251CA12FF200262CEF /* Main.storyboard */,
				50FFB6281CA12FF200262CEF /* Images.xcassets */,
				50FFB62A1CA12FF200262CEF /* LaunchScreen.xib */,
				50FFB61F1CA12FF200262CEF /* Supporting Files */,
			);
			path = "GCD-DownloadingImage";
			sourceTree = "<group>";
		};
		50FFB61F1CA12FF200262CEF /* Supporting Files */ = {
			isa = PBXGroup;
			children = (
				50FFB6201CA12FF200262CEF /* Info.plist */,
			);
			name = "Supporting Files";
			sourceTree = "<group>";
		};
		50FFB6341CA12FF200262CEF /* GCD-DownloadingImageTests */ = {
			isa = PBXGroup;
			children = (
				50FFB6371CA12FF200262CEF /* GCD_DownloadingImageTests.swift */,
				50FFB6351CA12FF200262CEF /* Supporting Files */,
			);
			path = "GCD-DownloadingImageTests";
			sourceTree = "<group>";
		};
		50FFB6351CA12FF200262CEF /* Supporting Files */ = {
			isa = PBXGroup;
			children = (
				50FFB6361CA12FF200262CEF /* Info.plist */,
			);
			name = "Supporting Files";
			sourceTree = "<group>";
		};
/* End PBXGroup section */

/* Begin PBXNativeTarget section */
		50FFB61B1CA12FF200262CEF /* GCD-DownloadingImage */ = {
			isa = PBXNativeTarget;
			buildConfigurationList = 50FFB63B1CA12FF200262CEF /* Build configuration list for PBXNativeTarget "GCD-DownloadingImage" */;
			buildPhases = (
				50FFB6181CA12FF200262CEF /* Sources */,
				50FFB6191CA12FF200262CEF /* Frameworks */,
				50FFB61A1CA12FF200262CEF /* Resources */,
			);
			buildRules = (
			);
			dependencies = (
			);
			name = "GCD-DownloadingImage";
			productName = "GCD-DownloadingImage";
			productReference = 50FFB61C1CA12FF200262CEF /* GCD-DownloadingImage.app */;
			productType = "com.apple.product-type.application";
		};
		50FFB6301CA12FF200262CEF /* GCD-DownloadingImageTests */ = {
			isa = PBXNativeTarget;
			buildConfigurationList = 50FFB63E1CA12FF200262CEF /* Build configuration list for PBXNativeTarget "GCD-DownloadingImageTests" */;
			buildPhases = (
				50FFB62D1CA12FF200262CEF /* Sources */,
				50FFB62E1CA12FF200262CEF /* Frameworks */,
				50FFB62F1CA12FF200262CEF /* Resources */,
			);
			buildRules = (
			);
			dependencies = (
				50FFB6331CA12FF200262CEF /* PBXTargetDependency */,
			);
			name = "GCD-DownloadingImageTests";
			productName = "GCD-DownloadingImageTests";
			productReference = 50FFB6311CA12FF200262CEF /* GCD-DownloadingImageTests.xctest */;
			productType = "com.apple.product-type.bundle.unit-test";
		};
/* End PBXNativeTarget section */

/* Begin PBXProject section */
		50FFB6141CA12FF200262CEF /* Project object */ = {
			isa = PBXProject;
			attributes = {
				LastUpgradeCheck = 0610;
				ORGANIZATIONNAME = Enclave;
				TargetAttributes = {
					50FFB61B1CA12FF200262CEF = {
						CreatedOnToolsVersion = 6.1;
					};
					50FFB6301CA12FF200262CEF = {
						CreatedOnToolsVersion = 6.1;
						TestTargetID = 50FFB61B1CA12FF200262CEF;
					};
				};
			};
			buildConfigurationList = 50FFB6171CA12FF200262CEF /* Build configuration list for PBXProject "GCD-DownloadingImage" */;
			compatibilityVersion = "Xcode 3.2";
			developmentRegion = English;
			hasScannedForEncodings = 0;
			knownRegions = (
				en,
				Base,
			);
			mainGroup = 50FFB6131CA12FF200262CEF;
			productRefGroup = 50FFB61D1CA12FF200262CEF /* Products */;
			projectDirPath = "";
			projectRoot = "";
			targets = (
				50FFB61B1CA12FF200262CEF /* GCD-DownloadingImage */,
				50FFB6301CA12FF200262CEF /* GCD-DownloadingImageTests */,
			);
		};
/* End PBXProject section */

/* Begin PBXResourcesBuildPhase section */
		50FFB61A1CA12FF200262CEF /* Resources */ = {
			isa = PBXResourcesBuildPhase;
			buildActionMask = 2147483647;
			files = (
				50FFB6271CA12FF200262CEF /* Main.storyboard in Resources */,
				50FFB62C1CA12FF200262CEF /* LaunchScreen.xib in Resources */,
				50FFB6291CA12FF200262CEF /* Images.xcassets in Resources */,
			);
			runOnlyForDeploymentPostprocessing = 0;
		};
		50FFB62F1CA12FF200262CEF /* Resources */ = {
			isa = PBXResourcesBuildPhase;
			buildActionMask = 2147483647;
			files = (
			);
			runOnlyForDeploymentPostprocessing = 0;
		};
/* End PBXResourcesBuildPhase section */

/* Begin PBXSourcesBuildPhase section */
		50FFB6181CA12FF200262CEF /* Sources */ = {
			isa = PBXSourcesBuildPhase;
			buildActionMask = 2147483647;
			files = (
				50FFB6241CA12FF200262CEF /* ViewController.swift in Sources */,
				50FFB6221CA12FF200262CEF /* AppDelegate.swift in Sources */,
				50FFB6421CA14E6D00262CEF /* CountingOperation.swift in Sources */,
			);
			runOnlyForDeploymentPostprocessing = 0;
		};
		50FFB62D1CA12FF200262CEF /* Sources */ = {
			isa = PBXSourcesBuildPhase;
			buildActionMask = 2147483647;
			files = (
				50FFB6381CA12FF200262CEF /* GCD_DownloadingImageTests.swift in Sources */,
			);
			runOnlyForDeploymentPostprocessing = 0;
		};
/* End PBXSourcesBuildPhase section */

/* Begin PBXTargetDependency section */
		50FFB6331CA12FF200262CEF /* PBXTargetDependency */ = {
			isa = PBXTargetDependency;
			target = 50FFB61B1CA12FF200262CEF /* GCD-DownloadingImage */;
			targetProxy = 50FFB6321CA12FF200262CEF /* PBXContainerItemProxy */;
		};
/* End PBXTargetDependency section */

/* Begin PBXVariantGroup section */
		50FFB6251CA12FF200262CEF /* Main.storyboard */ = {
			isa = PBXVariantGroup;
			children = (
				50FFB6261CA12FF200262CEF /* Base */,
			);
			name = Main.storyboard;
			sourceTree = "<group>";
		};
		50FFB62A1CA12FF200262CEF /* LaunchScreen.xib */ = {
			isa = PBXVariantGroup;
			children = (
				50FFB62B1CA12FF200262CEF /* Base */,
			);
			name = LaunchScreen.xib;
			sourceTree = "<group>";
		};
/* End PBXVariantGroup section */

/* Begin XCBuildConfiguration section */
		50FFB6391CA12FF200262CEF /* Debug */ = {
			isa = XCBuildConfiguration;
			buildSettings = {
				ALWAYS_SEARCH_USER_PATHS = NO;
				CLANG_CXX_LANGUAGE_STANDARD = "gnu++0x";
				CLANG_CXX_LIBRARY = "libc++";
				CLANG_ENABLE_MODULES = YES;
				CLANG_ENABLE_OBJC_ARC = YES;
				CLANG_WARN_BOOL_CONVERSION = YES;
				CLANG_WARN_CONSTANT_CONVERSION = YES;
				CLANG_WARN_DIRECT_OBJC_ISA_USAGE = YES_ERROR;
				CLANG_WARN_EMPTY_BODY = YES;
				CLANG_WARN_ENUM_CONVERSION = YES;
				CLANG_WARN_INT_CONVERSION = YES;
				CLANG_WARN_OBJC_ROOT_CLASS = YES_ERROR;
				CLANG_WARN_UNREACHABLE_CODE = YES;
				CLANG_WARN__DUPLICATE_METHOD_MATCH = YES;
				"CODE_SIGN_IDENTITY[sdk=iphoneos*]" = "iPhone Developer";
				COPY_PHASE_STRIP = NO;
				ENABLE_STRICT_OBJC_MSGSEND = YES;
				GCC_C_LANGUAGE_STANDARD = gnu99;
				GCC_DYNAMIC_NO_PIC = NO;
				GCC_OPTIMIZATION_LEVEL = 0;
				GCC_PREPROCESSOR_DEFINITIONS = (
					"DEBUG=1",
					"$(inherited)",
				);
				GCC_SYMBOLS_PRIVATE_EXTERN = NO;
				GCC_WARN_64_TO_32_BIT_CONVERSION = YES;
				GCC_WARN_ABOUT_RETURN_TYPE = YES_ERROR;
				GCC_WARN_UNDECLARED_SELECTOR = YES;
				GCC_WARN_UNINITIALIZED_AUTOS = YES_AGGRESSIVE;
				GCC_WARN_UNUSED_FUNCTION = YES;
				GCC_WARN_UNUSED_VARIABLE = YES;
				IPHONEOS_DEPLOYMENT_TARGET = 8.1;
				MTL_ENABLE_DEBUG_INFO = YES;
				ONLY_ACTIVE_ARCH = YES;
				SDKROOT = iphoneos;
				SWIFT_OPTIMIZATION_LEVEL = "-Onone";
			};
			name = Debug;
		};
		50FFB63A1CA12FF200262CEF /* Release */ = {
			isa = XCBuildConfiguration;
			buildSettings = {
				ALWAYS_SEARCH_USER_PATHS = NO;
				CLANG_CXX_LANGUAGE_STANDARD = "gnu++0x";
				CLANG_CXX_LIBRARY = "libc++";
				CLANG_ENABLE_MODULES = YES;
				CLANG_ENABLE_OBJC_ARC = YES;
				CLANG_WARN_BOOL_CONVERSION = YES;
				CLANG_WARN_CONSTANT_CONVERSION = YES;
				CLANG_WARN_DIRECT_OBJC_ISA_USAGE = YES_ERROR;
				CLANG_WARN_EMPTY_BODY = YES;
				CLANG_WARN_ENUM_CONVERSION = YES;
				CLANG_WARN_INT_CONVERSION = YES;
				CLANG_WARN_OBJC_ROOT_CLASS = YES_ERROR;
				CLANG_WARN_UNREACHABLE_CODE = YES;
				CLANG_WARN__DUPLICATE_METHOD_MATCH = YES;
				"CODE_SIGN_IDENTITY[sdk=iphoneos*]" = "iPhone Developer";
				COPY_PHASE_STRIP = YES;
				ENABLE_NS_ASSERTIONS = NO;
				ENABLE_STRICT_OBJC_MSGSEND = YES;
				GCC_C_LANGUAGE_STANDARD = gnu99;
				GCC_WARN_64_TO_32_BIT_CONVERSION = YES;
				GCC_WARN_ABOUT_RETURN_TYPE = YES_ERROR;
				GCC_WARN_UNDECLARED_SELECTOR = YES;
				GCC_WARN_UNINITIALIZED_AUTOS = YES_AGGRESSIVE;
				GCC_WARN_UNUSED_FUNCTION = YES;
				GCC_WARN_UNUSED_VARIABLE = YES;
				IPHONEOS_DEPLOYMENT_TARGET = 8.1;
				MTL_ENABLE_DEBUG_INFO = NO;
				SDKROOT = iphoneos;
				VALIDATE_PRODUCT = YES;
			};
			name = Release;
		};
		50FFB63C1CA12FF200262CEF /* Debug */ = {
			isa = XCBuildConfiguration;
			buildSettings = {
				ASSETCATALOG_COMPILER_APPICON_NAME = AppIcon;
				INFOPLIST_FILE = "GCD-DownloadingImage/Info.plist";
				LD_RUNPATH_SEARCH_PATHS = "$(inherited) @executable_path/Frameworks";
				PRODUCT_NAME = "$(TARGET_NAME)";
			};
			name = Debug;
		};
		50FFB63D1CA12FF200262CEF /* Release */ = {
			isa = XCBuildConfiguration;
			buildSettings = {
				ASSETCATALOG_COMPILER_APPICON_NAME = AppIcon;
				INFOPLIST_FILE = "GCD-DownloadingImage/Info.plist";
				LD_RUNPATH_SEARCH_PATHS = "$(inherited) @executable_path/Frameworks";
				PRODUCT_NAME = "$(TARGET_NAME)";
			};
			name = Release;
		};
		50FFB63F1CA12FF200262CEF /* Debug */ = {
			isa = XCBuildConfiguration;
			buildSettings = {
				BUNDLE_LOADER = "$(TEST_HOST)";
				FRAMEWORK_SEARCH_PATHS = (
					"$(SDKROOT)/Developer/Library/Frameworks",
					"$(inherited)",
				);
				GCC_PREPROCESSOR_DEFINITIONS = (
					"DEBUG=1",
					"$(inherited)",
				);
				INFOPLIST_FILE = "GCD-DownloadingImageTests/Info.plist";
				LD_RUNPATH_SEARCH_PATHS = "$(inherited) @executable_path/Frameworks @loader_path/Frameworks";
				PRODUCT_NAME = "$(TARGET_NAME)";
				TEST_HOST = "$(BUILT_PRODUCTS_DIR)/GCD-DownloadingImage.app/GCD-DownloadingImage";
			};
			name = Debug;
		};
		50FFB6401CA12FF200262CEF /* Release */ = {
			isa = XCBuildConfiguration;
			buildSettings = {
				BUNDLE_LOADER = "$(TEST_HOST)";
				FRAMEWORK_SEARCH_PATHS = (
					"$(SDKROOT)/Developer/Library/Frameworks",
					"$(inherited)",
				);
				INFOPLIST_FILE = "GCD-DownloadingImageTests/Info.plist";
				LD_RUNPATH_SEARCH_PATHS = "$(inherited) @executable_path/Frameworks @loader_path/Frameworks";
				PRODUCT_NAME = "$(TARGET_NAME)";
				TEST_HOST = "$(BUILT_PRODUCTS_DIR)/GCD-DownloadingImage.app/GCD-DownloadingImage";
			};
			name = Release;
		};
/* End XCBuildConfiguration section */

/* Begin XCConfigurationList section */
		50FFB6171CA12FF200262CEF /* Build configuration list for PBXProject "GCD-DownloadingImage" */ = {
			isa = XCConfigurationList;
			buildConfigurations = (
				50FFB6391CA12FF200262CEF /* Debug */,
				50FFB63A1CA12FF200262CEF /* Release */,
			);
			defaultConfigurationIsVisible = 0;
			defaultConfigurationName = Release;
		};
		50FFB63B1CA12FF200262CEF /* Build configuration list for PBXNativeTarget "GCD-DownloadingImage" */ = {
			isa = XCConfigurationList;
			buildConfigurations = (
				50FFB63C1CA12FF200262CEF /* Debug */,
				50FFB63D1CA12FF200262CEF /* Release */,
			);
			defaultConfigurationIsVisible = 0;
		};
		50FFB63E1CA12FF200262CEF /* Build configuration list for PBXNativeTarget "GCD-DownloadingImageTests" */ = {
			isa = XCConfigurationList;
			buildConfigurations = (
				50FFB63F1CA12FF200262CEF /* Debug */,
				50FFB6401CA12FF200262CEF /* Release */,
			);
			defaultConfigurationIsVisible = 0;
		};
/* End XCConfigurationList section */
	};
	rootObject = 50FFB6141CA12FF200262CEF /* Project object */;
}
